// !$*UTF8*$!
{
	archiveVersion = 1;
	classes = {
	};
	objectVersion = 56;
	objects = {

/* Begin PBXBuildFile section */
		F037749A2B90E21600D2DDD3 /* SimpleHomeCellItem.swift in Sources */ = {isa = PBXBuildFile; fileRef = F03774992B90E21600D2DDD3 /* SimpleHomeCellItem.swift */; };
		F037749D2B90E29000D2DDD3 /* HomeDataProvider.swift in Sources */ = {isa = PBXBuildFile; fileRef = F037749C2B90E29000D2DDD3 /* HomeDataProvider.swift */; };
		F037749F2B90F9FC00D2DDD3 /* HomeDataProviderProtocol.swift in Sources */ = {isa = PBXBuildFile; fileRef = F037749E2B90F9FC00D2DDD3 /* HomeDataProviderProtocol.swift */; };
		F03EA6752B8A904E00A6DC4C /* AppDelegate.swift in Sources */ = {isa = PBXBuildFile; fileRef = F03EA6742B8A904E00A6DC4C /* AppDelegate.swift */; };
		F03EA6772B8A904E00A6DC4C /* SceneDelegate.swift in Sources */ = {isa = PBXBuildFile; fileRef = F03EA6762B8A904E00A6DC4C /* SceneDelegate.swift */; };
		F03EA67F2B8A904E00A6DC4C /* SOLID_Practice.xcdatamodeld in Sources */ = {isa = PBXBuildFile; fileRef = F03EA67D2B8A904E00A6DC4C /* SOLID_Practice.xcdatamodeld */; };
		F03EA6812B8A904F00A6DC4C /* Assets.xcassets in Resources */ = {isa = PBXBuildFile; fileRef = F03EA6802B8A904F00A6DC4C /* Assets.xcassets */; };
		F03EA6842B8A904F00A6DC4C /* LaunchScreen.storyboard in Resources */ = {isa = PBXBuildFile; fileRef = F03EA6822B8A904F00A6DC4C /* LaunchScreen.storyboard */; };
		F03EA6922B8A925500A6DC4C /* NetworkService.swift in Sources */ = {isa = PBXBuildFile; fileRef = F03EA6912B8A925500A6DC4C /* NetworkService.swift */; };
		F03EA6952B8A95E400A6DC4C /* JokeModel.swift in Sources */ = {isa = PBXBuildFile; fileRef = F03EA6942B8A95E400A6DC4C /* JokeModel.swift */; };
		F03EA6992B8A968F00A6DC4C /* HomeViewModel.swift in Sources */ = {isa = PBXBuildFile; fileRef = F03EA6982B8A968F00A6DC4C /* HomeViewModel.swift */; };
		F03EA69D2B8A9DA800A6DC4C /* HomeViewController.swift in Sources */ = {isa = PBXBuildFile; fileRef = F03EA69B2B8A9DA800A6DC4C /* HomeViewController.swift */; };
		F03EA69E2B8A9DA800A6DC4C /* HomeViewController.xib in Resources */ = {isa = PBXBuildFile; fileRef = F03EA69C2B8A9DA800A6DC4C /* HomeViewController.xib */; };
		F03EA6A32B8A9FD200A6DC4C /* SimpleJokeTableViewCell.swift in Sources */ = {isa = PBXBuildFile; fileRef = F03EA6A12B8A9FD200A6DC4C /* SimpleJokeTableViewCell.swift */; };
		F03EA6A42B8A9FD200A6DC4C /* SimpleJokeTableViewCell.xib in Resources */ = {isa = PBXBuildFile; fileRef = F03EA6A22B8A9FD200A6DC4C /* SimpleJokeTableViewCell.xib */; };
		F03EA6A92B8A9FF100A6DC4C /* FavoriteJokeTableViewCell.swift in Sources */ = {isa = PBXBuildFile; fileRef = F03EA6A72B8A9FF100A6DC4C /* FavoriteJokeTableViewCell.swift */; };
		F03EA6AA2B8A9FF100A6DC4C /* FavoriteJokeTableViewCell.xib in Resources */ = {isa = PBXBuildFile; fileRef = F03EA6A82B8A9FF100A6DC4C /* FavoriteJokeTableViewCell.xib */; };
		F03EA6AD2B8AA08A00A6DC4C /* UIResponder+Ext.swift in Sources */ = {isa = PBXBuildFile; fileRef = F03EA6AC2B8AA08A00A6DC4C /* UIResponder+Ext.swift */; };
		F03EA6AF2B8AA09900A6DC4C /* UITableView+Ext.swift in Sources */ = {isa = PBXBuildFile; fileRef = F03EA6AE2B8AA09900A6DC4C /* UITableView+Ext.swift */; };
		F03EA6B42B8AA70400A6DC4C /* JokeEntity+CoreDataClass.swift in Sources */ = {isa = PBXBuildFile; fileRef = F03EA6B22B8AA70400A6DC4C /* JokeEntity+CoreDataClass.swift */; };
		F03EA6B52B8AA70400A6DC4C /* JokeEntity+CoreDataProperties.swift in Sources */ = {isa = PBXBuildFile; fileRef = F03EA6B32B8AA70400A6DC4C /* JokeEntity+CoreDataProperties.swift */; };
		F03EA6B92B8AA87E00A6DC4C /* CoreDataManager.swift in Sources */ = {isa = PBXBuildFile; fileRef = F03EA6B82B8AA87E00A6DC4C /* CoreDataManager.swift */; };
		F03EA6BB2B8AB49A00A6DC4C /* Array+Ext.swift in Sources */ = {isa = PBXBuildFile; fileRef = F03EA6BA2B8AB49A00A6DC4C /* Array+Ext.swift */; };
		F03EA6C12B8B6DFE00A6DC4C /* HomeCellProtocol.swift in Sources */ = {isa = PBXBuildFile; fileRef = F03EA6C02B8B6DFE00A6DC4C /* HomeCellProtocol.swift */; };
		F03EA6C32B8B6E6000A6DC4C /* NetworkError.swift in Sources */ = {isa = PBXBuildFile; fileRef = F03EA6C22B8B6E6000A6DC4C /* NetworkError.swift */; };
		F0C8AB8D2B8FAD8A00848415 /* ManagerError.swift in Sources */ = {isa = PBXBuildFile; fileRef = F0C8AB8C2B8FAD8A00848415 /* ManagerError.swift */; };
		F0C98AC72C19E8D30009A0E8 /* SOLID-Practice.docc in Sources */ = {isa = PBXBuildFile; fileRef = F0C98AC62C19E8D30009A0E8 /* SOLID-Practice.docc */; };
		F0FF54292B8E4D7700AF1F6D /* SqliteManager.swift in Sources */ = {isa = PBXBuildFile; fileRef = F0FF54282B8E4D7700AF1F6D /* SqliteManager.swift */; };
		F0FF542B2B8E703F00AF1F6D /* RepositoryProtocol.swift in Sources */ = {isa = PBXBuildFile; fileRef = F0FF542A2B8E703F00AF1F6D /* RepositoryProtocol.swift */; };
		F0FF542D2B8E709E00AF1F6D /* CoreDataRepositoryManager.swift in Sources */ = {isa = PBXBuildFile; fileRef = F0FF542C2B8E709E00AF1F6D /* CoreDataRepositoryManager.swift */; };
		F0FF54302B8E729100AF1F6D /* HomeBuilder.swift in Sources */ = {isa = PBXBuildFile; fileRef = F0FF542F2B8E729100AF1F6D /* HomeBuilder.swift */; };
		F0FF54332B8E772C00AF1F6D /* HomeViewModelProtocol.swift in Sources */ = {isa = PBXBuildFile; fileRef = F0FF54322B8E772C00AF1F6D /* HomeViewModelProtocol.swift */; };
		F0FF54352B8E774000AF1F6D /* HomeRepositoryProtocol.swift in Sources */ = {isa = PBXBuildFile; fileRef = F0FF54342B8E774000AF1F6D /* HomeRepositoryProtocol.swift */; };
		F0FF54372B8E774D00AF1F6D /* HomeServiceProtocol.swift in Sources */ = {isa = PBXBuildFile; fileRef = F0FF54362B8E774D00AF1F6D /* HomeServiceProtocol.swift */; };
		F0FF543B2B8E776B00AF1F6D /* HomeService.swift in Sources */ = {isa = PBXBuildFile; fileRef = F0FF543A2B8E776B00AF1F6D /* HomeService.swift */; };
		F0FF543D2B8E777100AF1F6D /* HomeRepository.swift in Sources */ = {isa = PBXBuildFile; fileRef = F0FF543C2B8E777100AF1F6D /* HomeRepository.swift */; };
		F0FF543F2B8E7FB700AF1F6D /* HomeCellDelegate.swift in Sources */ = {isa = PBXBuildFile; fileRef = F0FF543E2B8E7FB700AF1F6D /* HomeCellDelegate.swift */; };
		F0FF54412B8E7FCA00AF1F6D /* SimpleHomeCellDelegate.swift in Sources */ = {isa = PBXBuildFile; fileRef = F0FF54402B8E7FCA00AF1F6D /* SimpleHomeCellDelegate.swift */; };
		F0FF54472B8E93B200AF1F6D /* HomeCellItem.swift in Sources */ = {isa = PBXBuildFile; fileRef = F0FF54462B8E93B200AF1F6D /* HomeCellItem.swift */; };
		F0FF54492B8E946D00AF1F6D /* SimpleJokeCell.swift in Sources */ = {isa = PBXBuildFile; fileRef = F0FF54482B8E946D00AF1F6D /* SimpleJokeCell.swift */; };
		F0FF544B2B8E955200AF1F6D /* FavoriteJokeCell.swift in Sources */ = {isa = PBXBuildFile; fileRef = F0FF544A2B8E955200AF1F6D /* FavoriteJokeCell.swift */; };
/* End PBXBuildFile section */

/* Begin PBXFileReference section */
		F03774992B90E21600D2DDD3 /* SimpleHomeCellItem.swift */ = {isa = PBXFileReference; lastKnownFileType = sourcecode.swift; path = SimpleHomeCellItem.swift; sourceTree = "<group>"; };
		F037749C2B90E29000D2DDD3 /* HomeDataProvider.swift */ = {isa = PBXFileReference; lastKnownFileType = sourcecode.swift; path = HomeDataProvider.swift; sourceTree = "<group>"; };
		F037749E2B90F9FC00D2DDD3 /* HomeDataProviderProtocol.swift */ = {isa = PBXFileReference; lastKnownFileType = sourcecode.swift; path = HomeDataProviderProtocol.swift; sourceTree = "<group>"; };
		F03EA6712B8A904E00A6DC4C /* SOLID-Practice.app */ = {isa = PBXFileReference; explicitFileType = wrapper.application; includeInIndex = 0; path = "SOLID-Practice.app"; sourceTree = BUILT_PRODUCTS_DIR; };
		F03EA6742B8A904E00A6DC4C /* AppDelegate.swift */ = {isa = PBXFileReference; lastKnownFileType = sourcecode.swift; path = AppDelegate.swift; sourceTree = "<group>"; };
		F03EA6762B8A904E00A6DC4C /* SceneDelegate.swift */ = {isa = PBXFileReference; lastKnownFileType = sourcecode.swift; path = SceneDelegate.swift; sourceTree = "<group>"; };
		F03EA67E2B8A904E00A6DC4C /* SOLID_Practice.xcdatamodel */ = {isa = PBXFileReference; lastKnownFileType = wrapper.xcdatamodel; path = SOLID_Practice.xcdatamodel; sourceTree = "<group>"; };
		F03EA6802B8A904F00A6DC4C /* Assets.xcassets */ = {isa = PBXFileReference; lastKnownFileType = folder.assetcatalog; path = Assets.xcassets; sourceTree = "<group>"; };
		F03EA6832B8A904F00A6DC4C /* Base */ = {isa = PBXFileReference; lastKnownFileType = file.storyboard; name = Base; path = Base.lproj/LaunchScreen.storyboard; sourceTree = "<group>"; };
		F03EA6852B8A904F00A6DC4C /* Info.plist */ = {isa = PBXFileReference; lastKnownFileType = text.plist.xml; path = Info.plist; sourceTree = "<group>"; };
		F03EA6912B8A925500A6DC4C /* NetworkService.swift */ = {isa = PBXFileReference; lastKnownFileType = sourcecode.swift; path = NetworkService.swift; sourceTree = "<group>"; };
		F03EA6942B8A95E400A6DC4C /* JokeModel.swift */ = {isa = PBXFileReference; lastKnownFileType = sourcecode.swift; path = JokeModel.swift; sourceTree = "<group>"; };
		F03EA6982B8A968F00A6DC4C /* HomeViewModel.swift */ = {isa = PBXFileReference; lastKnownFileType = sourcecode.swift; path = HomeViewModel.swift; sourceTree = "<group>"; };
		F03EA69B2B8A9DA800A6DC4C /* HomeViewController.swift */ = {isa = PBXFileReference; lastKnownFileType = sourcecode.swift; path = HomeViewController.swift; sourceTree = "<group>"; };
		F03EA69C2B8A9DA800A6DC4C /* HomeViewController.xib */ = {isa = PBXFileReference; lastKnownFileType = file.xib; path = HomeViewController.xib; sourceTree = "<group>"; };
		F03EA6A12B8A9FD200A6DC4C /* SimpleJokeTableViewCell.swift */ = {isa = PBXFileReference; lastKnownFileType = sourcecode.swift; path = SimpleJokeTableViewCell.swift; sourceTree = "<group>"; };
		F03EA6A22B8A9FD200A6DC4C /* SimpleJokeTableViewCell.xib */ = {isa = PBXFileReference; lastKnownFileType = file.xib; path = SimpleJokeTableViewCell.xib; sourceTree = "<group>"; };
		F03EA6A72B8A9FF100A6DC4C /* FavoriteJokeTableViewCell.swift */ = {isa = PBXFileReference; lastKnownFileType = sourcecode.swift; path = FavoriteJokeTableViewCell.swift; sourceTree = "<group>"; };
		F03EA6A82B8A9FF100A6DC4C /* FavoriteJokeTableViewCell.xib */ = {isa = PBXFileReference; lastKnownFileType = file.xib; path = FavoriteJokeTableViewCell.xib; sourceTree = "<group>"; };
		F03EA6AC2B8AA08A00A6DC4C /* UIResponder+Ext.swift */ = {isa = PBXFileReference; lastKnownFileType = sourcecode.swift; path = "UIResponder+Ext.swift"; sourceTree = "<group>"; };
		F03EA6AE2B8AA09900A6DC4C /* UITableView+Ext.swift */ = {isa = PBXFileReference; lastKnownFileType = sourcecode.swift; path = "UITableView+Ext.swift"; sourceTree = "<group>"; };
		F03EA6B22B8AA70400A6DC4C /* JokeEntity+CoreDataClass.swift */ = {isa = PBXFileReference; lastKnownFileType = sourcecode.swift; path = "JokeEntity+CoreDataClass.swift"; sourceTree = "<group>"; };
		F03EA6B32B8AA70400A6DC4C /* JokeEntity+CoreDataProperties.swift */ = {isa = PBXFileReference; lastKnownFileType = sourcecode.swift; path = "JokeEntity+CoreDataProperties.swift"; sourceTree = "<group>"; };
		F03EA6B82B8AA87E00A6DC4C /* CoreDataManager.swift */ = {isa = PBXFileReference; lastKnownFileType = sourcecode.swift; path = CoreDataManager.swift; sourceTree = "<group>"; };
		F03EA6BA2B8AB49A00A6DC4C /* Array+Ext.swift */ = {isa = PBXFileReference; lastKnownFileType = sourcecode.swift; path = "Array+Ext.swift"; sourceTree = "<group>"; };
		F03EA6C02B8B6DFE00A6DC4C /* HomeCellProtocol.swift */ = {isa = PBXFileReference; lastKnownFileType = sourcecode.swift; path = HomeCellProtocol.swift; sourceTree = "<group>"; };
		F03EA6C22B8B6E6000A6DC4C /* NetworkError.swift */ = {isa = PBXFileReference; lastKnownFileType = sourcecode.swift; path = NetworkError.swift; sourceTree = "<group>"; };
		F0C8AB8C2B8FAD8A00848415 /* ManagerError.swift */ = {isa = PBXFileReference; lastKnownFileType = sourcecode.swift; path = ManagerError.swift; sourceTree = "<group>"; };
		F0C98AC62C19E8D30009A0E8 /* SOLID-Practice.docc */ = {isa = PBXFileReference; lastKnownFileType = folder.documentationcatalog; path = "SOLID-Practice.docc"; sourceTree = "<group>"; };
		F0FF54282B8E4D7700AF1F6D /* SqliteManager.swift */ = {isa = PBXFileReference; lastKnownFileType = sourcecode.swift; path = SqliteManager.swift; sourceTree = "<group>"; };
		F0FF542A2B8E703F00AF1F6D /* RepositoryProtocol.swift */ = {isa = PBXFileReference; lastKnownFileType = sourcecode.swift; path = RepositoryProtocol.swift; sourceTree = "<group>"; };
		F0FF542C2B8E709E00AF1F6D /* CoreDataRepositoryManager.swift */ = {isa = PBXFileReference; lastKnownFileType = sourcecode.swift; path = CoreDataRepositoryManager.swift; sourceTree = "<group>"; };
		F0FF542F2B8E729100AF1F6D /* HomeBuilder.swift */ = {isa = PBXFileReference; lastKnownFileType = sourcecode.swift; path = HomeBuilder.swift; sourceTree = "<group>"; };
		F0FF54322B8E772C00AF1F6D /* HomeViewModelProtocol.swift */ = {isa = PBXFileReference; lastKnownFileType = sourcecode.swift; path = HomeViewModelProtocol.swift; sourceTree = "<group>"; };
		F0FF54342B8E774000AF1F6D /* HomeRepositoryProtocol.swift */ = {isa = PBXFileReference; lastKnownFileType = sourcecode.swift; path = HomeRepositoryProtocol.swift; sourceTree = "<group>"; };
		F0FF54362B8E774D00AF1F6D /* HomeServiceProtocol.swift */ = {isa = PBXFileReference; lastKnownFileType = sourcecode.swift; path = HomeServiceProtocol.swift; sourceTree = "<group>"; };
		F0FF543A2B8E776B00AF1F6D /* HomeService.swift */ = {isa = PBXFileReference; lastKnownFileType = sourcecode.swift; path = HomeService.swift; sourceTree = "<group>"; };
		F0FF543C2B8E777100AF1F6D /* HomeRepository.swift */ = {isa = PBXFileReference; lastKnownFileType = sourcecode.swift; path = HomeRepository.swift; sourceTree = "<group>"; };
		F0FF543E2B8E7FB700AF1F6D /* HomeCellDelegate.swift */ = {isa = PBXFileReference; lastKnownFileType = sourcecode.swift; path = HomeCellDelegate.swift; sourceTree = "<group>"; };
		F0FF54402B8E7FCA00AF1F6D /* SimpleHomeCellDelegate.swift */ = {isa = PBXFileReference; lastKnownFileType = sourcecode.swift; path = SimpleHomeCellDelegate.swift; sourceTree = "<group>"; };
		F0FF54462B8E93B200AF1F6D /* HomeCellItem.swift */ = {isa = PBXFileReference; lastKnownFileType = sourcecode.swift; path = HomeCellItem.swift; sourceTree = "<group>"; };
		F0FF54482B8E946D00AF1F6D /* SimpleJokeCell.swift */ = {isa = PBXFileReference; lastKnownFileType = sourcecode.swift; path = SimpleJokeCell.swift; sourceTree = "<group>"; };
		F0FF544A2B8E955200AF1F6D /* FavoriteJokeCell.swift */ = {isa = PBXFileReference; lastKnownFileType = sourcecode.swift; path = FavoriteJokeCell.swift; sourceTree = "<group>"; };
/* End PBXFileReference section */

/* Begin PBXFrameworksBuildPhase section */
		F03EA66E2B8A904E00A6DC4C /* Frameworks */ = {
			isa = PBXFrameworksBuildPhase;
			buildActionMask = 2147483647;
			files = (
			);
			runOnlyForDeploymentPostprocessing = 0;
		};
/* End PBXFrameworksBuildPhase section */

/* Begin PBXGroup section */
		F037749B2B90E28100D2DDD3 /* DataProvider */ = {
			isa = PBXGroup;
			children = (
				F037749C2B90E29000D2DDD3 /* HomeDataProvider.swift */,
			);
			path = DataProvider;
			sourceTree = "<group>";
		};
		F03EA6682B8A904E00A6DC4C = {
			isa = PBXGroup;
			children = (
				F03EA6732B8A904E00A6DC4C /* SOLID-Practice */,
				F03EA6722B8A904E00A6DC4C /* Products */,
			);
			sourceTree = "<group>";
		};
		F03EA6722B8A904E00A6DC4C /* Products */ = {
			isa = PBXGroup;
			children = (
				F03EA6712B8A904E00A6DC4C /* SOLID-Practice.app */,
			);
			name = Products;
			sourceTree = "<group>";
		};
		F03EA6732B8A904E00A6DC4C /* SOLID-Practice */ = {
			isa = PBXGroup;
			children = (
				F0FF54312B8E751100AF1F6D /* Managers */,
				F03EA69F2B8A9FA700A6DC4C /* Components */,
				F03EA6B62B8AA70800A6DC4C /* CoreDataItems */,
				F03EA6BC2B8B5ECE00A6DC4C /* Enums */,
				F03EA6AB2B8AA07C00A6DC4C /* Extensions */,
				F03EA6932B8A95DD00A6DC4C /* Models */,
				F03EA6BF2B8B6DED00A6DC4C /* Protocols */,
				F03EA68B2B8A905D00A6DC4C /* Screens */,
				F03EA6902B8A924A00A6DC4C /* Services */,
				F03EA6762B8A904E00A6DC4C /* SceneDelegate.swift */,
				F03EA67D2B8A904E00A6DC4C /* SOLID_Practice.xcdatamodeld */,
				F03EA6822B8A904F00A6DC4C /* LaunchScreen.storyboard */,
				F03EA6852B8A904F00A6DC4C /* Info.plist */,
				F03EA6802B8A904F00A6DC4C /* Assets.xcassets */,
				F03EA6742B8A904E00A6DC4C /* AppDelegate.swift */,
				F0C98AC62C19E8D30009A0E8 /* SOLID-Practice.docc */,
			);
			path = "SOLID-Practice";
			sourceTree = "<group>";
		};
		F03EA68B2B8A905D00A6DC4C /* Screens */ = {
			isa = PBXGroup;
			children = (
				F03EA68E2B8A907400A6DC4C /* Home */,
			);
			path = Screens;
			sourceTree = "<group>";
		};
		F03EA68E2B8A907400A6DC4C /* Home */ = {
			isa = PBXGroup;
			children = (
				F037749B2B90E28100D2DDD3 /* DataProvider */,
				F0FF542E2B8E728900AF1F6D /* Builder */,
				F0FF54392B8E775E00AF1F6D /* Repository */,
				F0FF54382B8E775700AF1F6D /* Service */,
				F03EA6962B8A967400A6DC4C /* View */,
				F03EA6972B8A967B00A6DC4C /* ViewModel */,
			);
			path = Home;
			sourceTree = "<group>";
		};
		F03EA6902B8A924A00A6DC4C /* Services */ = {
			isa = PBXGroup;
			children = (
				F03EA6912B8A925500A6DC4C /* NetworkService.swift */,
			);
			path = Services;
			sourceTree = "<group>";
		};
		F03EA6932B8A95DD00A6DC4C /* Models */ = {
			isa = PBXGroup;
			children = (
				F03EA6942B8A95E400A6DC4C /* JokeModel.swift */,
			);
			path = Models;
			sourceTree = "<group>";
		};
		F03EA6962B8A967400A6DC4C /* View */ = {
			isa = PBXGroup;
			children = (
				F03EA69B2B8A9DA800A6DC4C /* HomeViewController.swift */,
				F03EA69C2B8A9DA800A6DC4C /* HomeViewController.xib */,
			);
			path = View;
			sourceTree = "<group>";
		};
		F03EA6972B8A967B00A6DC4C /* ViewModel */ = {
			isa = PBXGroup;
			children = (
				F03EA6982B8A968F00A6DC4C /* HomeViewModel.swift */,
			);
			path = ViewModel;
			sourceTree = "<group>";
		};
		F03EA69F2B8A9FA700A6DC4C /* Components */ = {
			isa = PBXGroup;
			children = (
				F03EA6A02B8A9FAF00A6DC4C /* TableViewCell */,
			);
			path = Components;
			sourceTree = "<group>";
		};
		F03EA6A02B8A9FAF00A6DC4C /* TableViewCell */ = {
			isa = PBXGroup;
			children = (
				F03EA6A62B8A9FE200A6DC4C /* FavoriteJokeTableViewCell */,
				F03EA6A52B8A9FD700A6DC4C /* SimpleJokeTableViewCell */,
			);
			path = TableViewCell;
			sourceTree = "<group>";
		};
		F03EA6A52B8A9FD700A6DC4C /* SimpleJokeTableViewCell */ = {
			isa = PBXGroup;
			children = (
				F03EA6A12B8A9FD200A6DC4C /* SimpleJokeTableViewCell.swift */,
				F03EA6A22B8A9FD200A6DC4C /* SimpleJokeTableViewCell.xib */,
				F0FF54482B8E946D00AF1F6D /* SimpleJokeCell.swift */,
			);
			path = SimpleJokeTableViewCell;
			sourceTree = "<group>";
		};
		F03EA6A62B8A9FE200A6DC4C /* FavoriteJokeTableViewCell */ = {
			isa = PBXGroup;
			children = (
				F03EA6A72B8A9FF100A6DC4C /* FavoriteJokeTableViewCell.swift */,
				F03EA6A82B8A9FF100A6DC4C /* FavoriteJokeTableViewCell.xib */,
				F0FF544A2B8E955200AF1F6D /* FavoriteJokeCell.swift */,
			);
			path = FavoriteJokeTableViewCell;
			sourceTree = "<group>";
		};
		F03EA6AB2B8AA07C00A6DC4C /* Extensions */ = {
			isa = PBXGroup;
			children = (
				F03EA6AC2B8AA08A00A6DC4C /* UIResponder+Ext.swift */,
				F03EA6AE2B8AA09900A6DC4C /* UITableView+Ext.swift */,
				F03EA6BA2B8AB49A00A6DC4C /* Array+Ext.swift */,
			);
			path = Extensions;
			sourceTree = "<group>";
		};
		F03EA6B62B8AA70800A6DC4C /* CoreDataItems */ = {
			isa = PBXGroup;
			children = (
				F03EA6B72B8AA72000A6DC4C /* JokeEntity */,
			);
			path = CoreDataItems;
			sourceTree = "<group>";
		};
		F03EA6B72B8AA72000A6DC4C /* JokeEntity */ = {
			isa = PBXGroup;
			children = (
				F03EA6B22B8AA70400A6DC4C /* JokeEntity+CoreDataClass.swift */,
				F03EA6B32B8AA70400A6DC4C /* JokeEntity+CoreDataProperties.swift */,
			);
			path = JokeEntity;
			sourceTree = "<group>";
		};
		F03EA6BC2B8B5ECE00A6DC4C /* Enums */ = {
			isa = PBXGroup;
			children = (
				F03EA6C22B8B6E6000A6DC4C /* NetworkError.swift */,
				F0C8AB8C2B8FAD8A00848415 /* ManagerError.swift */,
			);
			path = Enums;
			sourceTree = "<group>";
		};
		F03EA6BF2B8B6DED00A6DC4C /* Protocols */ = {
			isa = PBXGroup;
			children = (
				F03EA6C02B8B6DFE00A6DC4C /* HomeCellProtocol.swift */,
				F0FF542A2B8E703F00AF1F6D /* RepositoryProtocol.swift */,
				F0FF542C2B8E709E00AF1F6D /* CoreDataRepositoryManager.swift */,
				F0FF54322B8E772C00AF1F6D /* HomeViewModelProtocol.swift */,
				F0FF54342B8E774000AF1F6D /* HomeRepositoryProtocol.swift */,
				F0FF54362B8E774D00AF1F6D /* HomeServiceProtocol.swift */,
				F0FF543E2B8E7FB700AF1F6D /* HomeCellDelegate.swift */,
				F0FF54402B8E7FCA00AF1F6D /* SimpleHomeCellDelegate.swift */,
				F0FF54462B8E93B200AF1F6D /* HomeCellItem.swift */,
				F03774992B90E21600D2DDD3 /* SimpleHomeCellItem.swift */,
				F037749E2B90F9FC00D2DDD3 /* HomeDataProviderProtocol.swift */,
			);
			path = Protocols;
			sourceTree = "<group>";
		};
		F0FF542E2B8E728900AF1F6D /* Builder */ = {
			isa = PBXGroup;
			children = (
				F0FF542F2B8E729100AF1F6D /* HomeBuilder.swift */,
			);
			path = Builder;
			sourceTree = "<group>";
		};
		F0FF54312B8E751100AF1F6D /* Managers */ = {
			isa = PBXGroup;
			children = (
				F03EA6B82B8AA87E00A6DC4C /* CoreDataManager.swift */,
				F0FF54282B8E4D7700AF1F6D /* SqliteManager.swift */,
			);
			path = Managers;
			sourceTree = "<group>";
		};
		F0FF54382B8E775700AF1F6D /* Service */ = {
			isa = PBXGroup;
			children = (
				F0FF543A2B8E776B00AF1F6D /* HomeService.swift */,
			);
			path = Service;
			sourceTree = "<group>";
		};
		F0FF54392B8E775E00AF1F6D /* Repository */ = {
			isa = PBXGroup;
			children = (
				F0FF543C2B8E777100AF1F6D /* HomeRepository.swift */,
			);
			path = Repository;
			sourceTree = "<group>";
		};
/* End PBXGroup section */

/* Begin PBXNativeTarget section */
		F03EA6702B8A904E00A6DC4C /* SOLID-Practice */ = {
			isa = PBXNativeTarget;
			buildConfigurationList = F03EA6882B8A904F00A6DC4C /* Build configuration list for PBXNativeTarget "SOLID-Practice" */;
			buildPhases = (
				F03EA66D2B8A904E00A6DC4C /* Sources */,
				F03EA66E2B8A904E00A6DC4C /* Frameworks */,
				F03EA66F2B8A904E00A6DC4C /* Resources */,
			);
			buildRules = (
			);
			dependencies = (
			);
			name = "SOLID-Practice";
			productName = "SOLID-Practice";
			productReference = F03EA6712B8A904E00A6DC4C /* SOLID-Practice.app */;
			productType = "com.apple.product-type.application";
		};
/* End PBXNativeTarget section */

/* Begin PBXProject section */
		F03EA6692B8A904E00A6DC4C /* Project object */ = {
			isa = PBXProject;
			attributes = {
				BuildIndependentTargetsInParallel = 1;
				LastSwiftUpdateCheck = 1510;
				LastUpgradeCheck = 1510;
				TargetAttributes = {
					F03EA6702B8A904E00A6DC4C = {
						CreatedOnToolsVersion = 15.1;
					};
				};
			};
			buildConfigurationList = F03EA66C2B8A904E00A6DC4C /* Build configuration list for PBXProject "SOLID-Practice" */;
			compatibilityVersion = "Xcode 14.0";
			developmentRegion = en;
			hasScannedForEncodings = 0;
			knownRegions = (
				en,
				Base,
			);
			mainGroup = F03EA6682B8A904E00A6DC4C;
			productRefGroup = F03EA6722B8A904E00A6DC4C /* Products */;
			projectDirPath = "";
			projectRoot = "";
			targets = (
				F03EA6702B8A904E00A6DC4C /* SOLID-Practice */,
			);
		};
/* End PBXProject section */

/* Begin PBXResourcesBuildPhase section */
		F03EA66F2B8A904E00A6DC4C /* Resources */ = {
			isa = PBXResourcesBuildPhase;
			buildActionMask = 2147483647;
			files = (
				F03EA6842B8A904F00A6DC4C /* LaunchScreen.storyboard in Resources */,
				F03EA6812B8A904F00A6DC4C /* Assets.xcassets in Resources */,
				F03EA6AA2B8A9FF100A6DC4C /* FavoriteJokeTableViewCell.xib in Resources */,
				F03EA6A42B8A9FD200A6DC4C /* SimpleJokeTableViewCell.xib in Resources */,
				F03EA69E2B8A9DA800A6DC4C /* HomeViewController.xib in Resources */,
			);
			runOnlyForDeploymentPostprocessing = 0;
		};
/* End PBXResourcesBuildPhase section */

/* Begin PBXSourcesBuildPhase section */
		F03EA66D2B8A904E00A6DC4C /* Sources */ = {
			isa = PBXSourcesBuildPhase;
			buildActionMask = 2147483647;
			files = (
				F03EA6B92B8AA87E00A6DC4C /* CoreDataManager.swift in Sources */,
				F0FF54492B8E946D00AF1F6D /* SimpleJokeCell.swift in Sources */,
				F03EA6AF2B8AA09900A6DC4C /* UITableView+Ext.swift in Sources */,
				F03EA6C12B8B6DFE00A6DC4C /* HomeCellProtocol.swift in Sources */,
				F037749F2B90F9FC00D2DDD3 /* HomeDataProviderProtocol.swift in Sources */,
				F03EA6AD2B8AA08A00A6DC4C /* UIResponder+Ext.swift in Sources */,
				F037749D2B90E29000D2DDD3 /* HomeDataProvider.swift in Sources */,
				F03EA6922B8A925500A6DC4C /* NetworkService.swift in Sources */,
				F0FF542B2B8E703F00AF1F6D /* RepositoryProtocol.swift in Sources */,
				F0C98AC72C19E8D30009A0E8 /* SOLID-Practice.docc in Sources */,
				F03EA6A92B8A9FF100A6DC4C /* FavoriteJokeTableViewCell.swift in Sources */,
				F0FF543D2B8E777100AF1F6D /* HomeRepository.swift in Sources */,
				F0FF542D2B8E709E00AF1F6D /* CoreDataRepositoryManager.swift in Sources */,
				F0FF543B2B8E776B00AF1F6D /* HomeService.swift in Sources */,
				F03EA67F2B8A904E00A6DC4C /* SOLID_Practice.xcdatamodeld in Sources */,
				F03EA6992B8A968F00A6DC4C /* HomeViewModel.swift in Sources */,
				F0FF54352B8E774000AF1F6D /* HomeRepositoryProtocol.swift in Sources */,
				F03EA6952B8A95E400A6DC4C /* JokeModel.swift in Sources */,
				F0FF54412B8E7FCA00AF1F6D /* SimpleHomeCellDelegate.swift in Sources */,
				F03EA6752B8A904E00A6DC4C /* AppDelegate.swift in Sources */,
				F03EA69D2B8A9DA800A6DC4C /* HomeViewController.swift in Sources */,
				F0C8AB8D2B8FAD8A00848415 /* ManagerError.swift in Sources */,
				F0FF543F2B8E7FB700AF1F6D /* HomeCellDelegate.swift in Sources */,
				F0FF54302B8E729100AF1F6D /* HomeBuilder.swift in Sources */,
				F03EA6B42B8AA70400A6DC4C /* JokeEntity+CoreDataClass.swift in Sources */,
				F03EA6A32B8A9FD200A6DC4C /* SimpleJokeTableViewCell.swift in Sources */,
				F03EA6BB2B8AB49A00A6DC4C /* Array+Ext.swift in Sources */,
				F03EA6C32B8B6E6000A6DC4C /* NetworkError.swift in Sources */,
				F0FF54372B8E774D00AF1F6D /* HomeServiceProtocol.swift in Sources */,
				F0FF544B2B8E955200AF1F6D /* FavoriteJokeCell.swift in Sources */,
				F0FF54292B8E4D7700AF1F6D /* SqliteManager.swift in Sources */,
				F03EA6772B8A904E00A6DC4C /* SceneDelegate.swift in Sources */,
				F037749A2B90E21600D2DDD3 /* SimpleHomeCellItem.swift in Sources */,
				F0FF54472B8E93B200AF1F6D /* HomeCellItem.swift in Sources */,
				F03EA6B52B8AA70400A6DC4C /* JokeEntity+CoreDataProperties.swift in Sources */,
				F0FF54332B8E772C00AF1F6D /* HomeViewModelProtocol.swift in Sources */,
			);
			runOnlyForDeploymentPostprocessing = 0;
		};
/* End PBXSourcesBuildPhase section */

/* Begin PBXVariantGroup section */
		F03EA6822B8A904F00A6DC4C /* LaunchScreen.storyboard */ = {
			isa = PBXVariantGroup;
			children = (
				F03EA6832B8A904F00A6DC4C /* Base */,
			);
			name = LaunchScreen.storyboard;
			sourceTree = "<group>";
		};
/* End PBXVariantGroup section */

/* Begin XCBuildConfiguration section */
		F03EA6862B8A904F00A6DC4C /* Debug */ = {
			isa = XCBuildConfiguration;
			buildSettings = {
				ALWAYS_SEARCH_USER_PATHS = NO;
				ASSETCATALOG_COMPILER_GENERATE_SWIFT_ASSET_SYMBOL_EXTENSIONS = YES;
				CLANG_ANALYZER_NONNULL = YES;
				CLANG_ANALYZER_NUMBER_OBJECT_CONVERSION = YES_AGGRESSIVE;
				CLANG_CXX_LANGUAGE_STANDARD = "gnu++20";
				CLANG_ENABLE_MODULES = YES;
				CLANG_ENABLE_OBJC_ARC = YES;
				CLANG_ENABLE_OBJC_WEAK = YES;
				CLANG_WARN_BLOCK_CAPTURE_AUTORELEASING = YES;
				CLANG_WARN_BOOL_CONVERSION = YES;
				CLANG_WARN_COMMA = YES;
				CLANG_WARN_CONSTANT_CONVERSION = YES;
				CLANG_WARN_DEPRECATED_OBJC_IMPLEMENTATIONS = YES;
				CLANG_WARN_DIRECT_OBJC_ISA_USAGE = YES_ERROR;
				CLANG_WARN_DOCUMENTATION_COMMENTS = YES;
				CLANG_WARN_EMPTY_BODY = YES;
				CLANG_WARN_ENUM_CONVERSION = YES;
				CLANG_WARN_INFINITE_RECURSION = YES;
				CLANG_WARN_INT_CONVERSION = YES;
				CLANG_WARN_NON_LITERAL_NULL_CONVERSION = YES;
				CLANG_WARN_OBJC_IMPLICIT_RETAIN_SELF = YES;
				CLANG_WARN_OBJC_LITERAL_CONVERSION = YES;
				CLANG_WARN_OBJC_ROOT_CLASS = YES_ERROR;
				CLANG_WARN_QUOTED_INCLUDE_IN_FRAMEWORK_HEADER = YES;
				CLANG_WARN_RANGE_LOOP_ANALYSIS = YES;
				CLANG_WARN_STRICT_PROTOTYPES = YES;
				CLANG_WARN_SUSPICIOUS_MOVE = YES;
				CLANG_WARN_UNGUARDED_AVAILABILITY = YES_AGGRESSIVE;
				CLANG_WARN_UNREACHABLE_CODE = YES;
				CLANG_WARN__DUPLICATE_METHOD_MATCH = YES;
				COPY_PHASE_STRIP = NO;
				DEBUG_INFORMATION_FORMAT = dwarf;
				ENABLE_STRICT_OBJC_MSGSEND = YES;
				ENABLE_TESTABILITY = YES;
				ENABLE_USER_SCRIPT_SANDBOXING = YES;
				GCC_C_LANGUAGE_STANDARD = gnu17;
				GCC_DYNAMIC_NO_PIC = NO;
				GCC_NO_COMMON_BLOCKS = YES;
				GCC_OPTIMIZATION_LEVEL = 0;
				GCC_PREPROCESSOR_DEFINITIONS = (
					"DEBUG=1",
					"$(inherited)",
				);
				GCC_WARN_64_TO_32_BIT_CONVERSION = YES;
				GCC_WARN_ABOUT_RETURN_TYPE = YES_ERROR;
				GCC_WARN_UNDECLARED_SELECTOR = YES;
				GCC_WARN_UNINITIALIZED_AUTOS = YES_AGGRESSIVE;
				GCC_WARN_UNUSED_FUNCTION = YES;
				GCC_WARN_UNUSED_VARIABLE = YES;
				IPHONEOS_DEPLOYMENT_TARGET = 17.2;
				LOCALIZATION_PREFERS_STRING_CATALOGS = YES;
				MTL_ENABLE_DEBUG_INFO = INCLUDE_SOURCE;
				MTL_FAST_MATH = YES;
				ONLY_ACTIVE_ARCH = YES;
				SDKROOT = iphoneos;
				SWIFT_ACTIVE_COMPILATION_CONDITIONS = "DEBUG $(inherited)";
				SWIFT_OPTIMIZATION_LEVEL = "-Onone";
			};
			name = Debug;
		};
		F03EA6872B8A904F00A6DC4C /* Release */ = {
			isa = XCBuildConfiguration;
			buildSettings = {
				ALWAYS_SEARCH_USER_PATHS = NO;
				ASSETCATALOG_COMPILER_GENERATE_SWIFT_ASSET_SYMBOL_EXTENSIONS = YES;
				CLANG_ANALYZER_NONNULL = YES;
				CLANG_ANALYZER_NUMBER_OBJECT_CONVERSION = YES_AGGRESSIVE;
				CLANG_CXX_LANGUAGE_STANDARD = "gnu++20";
				CLANG_ENABLE_MODULES = YES;
				CLANG_ENABLE_OBJC_ARC = YES;
				CLANG_ENABLE_OBJC_WEAK = YES;
				CLANG_WARN_BLOCK_CAPTURE_AUTORELEASING = YES;
				CLANG_WARN_BOOL_CONVERSION = YES;
				CLANG_WARN_COMMA = YES;
				CLANG_WARN_CONSTANT_CONVERSION = YES;
				CLANG_WARN_DEPRECATED_OBJC_IMPLEMENTATIONS = YES;
				CLANG_WARN_DIRECT_OBJC_ISA_USAGE = YES_ERROR;
				CLANG_WARN_DOCUMENTATION_COMMENTS = YES;
				CLANG_WARN_EMPTY_BODY = YES;
				CLANG_WARN_ENUM_CONVERSION = YES;
				CLANG_WARN_INFINITE_RECURSION = YES;
				CLANG_WARN_INT_CONVERSION = YES;
				CLANG_WARN_NON_LITERAL_NULL_CONVERSION = YES;
				CLANG_WARN_OBJC_IMPLICIT_RETAIN_SELF = YES;
				CLANG_WARN_OBJC_LITERAL_CONVERSION = YES;
				CLANG_WARN_OBJC_ROOT_CLASS = YES_ERROR;
				CLANG_WARN_QUOTED_INCLUDE_IN_FRAMEWORK_HEADER = YES;
				CLANG_WARN_RANGE_LOOP_ANALYSIS = YES;
				CLANG_WARN_STRICT_PROTOTYPES = YES;
				CLANG_WARN_SUSPICIOUS_MOVE = YES;
				CLANG_WARN_UNGUARDED_AVAILABILITY = YES_AGGRESSIVE;
				CLANG_WARN_UNREACHABLE_CODE = YES;
				CLANG_WARN__DUPLICATE_METHOD_MATCH = YES;
				COPY_PHASE_STRIP = NO;
				DEBUG_INFORMATION_FORMAT = "dwarf-with-dsym";
				ENABLE_NS_ASSERTIONS = NO;
				ENABLE_STRICT_OBJC_MSGSEND = YES;
				ENABLE_USER_SCRIPT_SANDBOXING = YES;
				GCC_C_LANGUAGE_STANDARD = gnu17;
				GCC_NO_COMMON_BLOCKS = YES;
				GCC_WARN_64_TO_32_BIT_CONVERSION = YES;
				GCC_WARN_ABOUT_RETURN_TYPE = YES_ERROR;
				GCC_WARN_UNDECLARED_SELECTOR = YES;
				GCC_WARN_UNINITIALIZED_AUTOS = YES_AGGRESSIVE;
				GCC_WARN_UNUSED_FUNCTION = YES;
				GCC_WARN_UNUSED_VARIABLE = YES;
				IPHONEOS_DEPLOYMENT_TARGET = 17.2;
				LOCALIZATION_PREFERS_STRING_CATALOGS = YES;
				MTL_ENABLE_DEBUG_INFO = NO;
				MTL_FAST_MATH = YES;
				SDKROOT = iphoneos;
				SWIFT_COMPILATION_MODE = wholemodule;
				VALIDATE_PRODUCT = YES;
			};
			name = Release;
		};
		F03EA6892B8A904F00A6DC4C /* Debug */ = {
			isa = XCBuildConfiguration;
			buildSettings = {
				ASSETCATALOG_COMPILER_APPICON_NAME = AppIcon;
				ASSETCATALOG_COMPILER_GLOBAL_ACCENT_COLOR_NAME = AccentColor;
				CODE_SIGN_STYLE = Automatic;
				CURRENT_PROJECT_VERSION = 1;
				DEVELOPMENT_TEAM = 74W24JL45K;
				GENERATE_INFOPLIST_FILE = YES;
				INFOPLIST_FILE = "SOLID-Practice/Info.plist";
				INFOPLIST_KEY_UIApplicationSupportsIndirectInputEvents = YES;
				INFOPLIST_KEY_UILaunchStoryboardName = LaunchScreen;
				INFOPLIST_KEY_UIMainStoryboardFile = "";
				INFOPLIST_KEY_UISupportedInterfaceOrientations_iPad = "UIInterfaceOrientationPortrait UIInterfaceOrientationPortraitUpsideDown UIInterfaceOrientationLandscapeLeft UIInterfaceOrientationLandscapeRight";
				INFOPLIST_KEY_UISupportedInterfaceOrientations_iPhone = "UIInterfaceOrientationPortrait UIInterfaceOrientationLandscapeLeft UIInterfaceOrientationLandscapeRight";
				LD_RUNPATH_SEARCH_PATHS = (
					"$(inherited)",
					"@executable_path/Frameworks",
				);
				MARKETING_VERSION = 1.0;
				PRODUCT_BUNDLE_IDENTIFIER = "com.caliskanzafer.SOLID-Practice";
				PRODUCT_NAME = "$(TARGET_NAME)";
				RUN_DOCUMENTATION_COMPILER = NO;
				SWIFT_EMIT_LOC_STRINGS = YES;
				SWIFT_VERSION = 5.0;
				TARGETED_DEVICE_FAMILY = "1,2";
			};
			name = Debug;
		};
		F03EA68A2B8A904F00A6DC4C /* Release */ = {
			isa = XCBuildConfiguration;
			buildSettings = {
				ASSETCATALOG_COMPILER_APPICON_NAME = AppIcon;
				ASSETCATALOG_COMPILER_GLOBAL_ACCENT_COLOR_NAME = AccentColor;
				CODE_SIGN_STYLE = Automatic;
				CURRENT_PROJECT_VERSION = 1;
				DEVELOPMENT_TEAM = 74W24JL45K;
				GENERATE_INFOPLIST_FILE = YES;
				INFOPLIST_FILE = "SOLID-Practice/Info.plist";
				INFOPLIST_KEY_UIApplicationSupportsIndirectInputEvents = YES;
				INFOPLIST_KEY_UILaunchStoryboardName = LaunchScreen;
				INFOPLIST_KEY_UIMainStoryboardFile = "";
				INFOPLIST_KEY_UISupportedInterfaceOrientations_iPad = "UIInterfaceOrientationPortrait UIInterfaceOrientationPortraitUpsideDown UIInterfaceOrientationLandscapeLeft UIInterfaceOrientationLandscapeRight";
				INFOPLIST_KEY_UISupportedInterfaceOrientations_iPhone = "UIInterfaceOrientationPortrait UIInterfaceOrientationLandscapeLeft UIInterfaceOrientationLandscapeRight";
				LD_RUNPATH_SEARCH_PATHS = (
					"$(inherited)",
					"@executable_path/Frameworks",
				);
				MARKETING_VERSION = 1.0;
				PRODUCT_BUNDLE_IDENTIFIER = "com.caliskanzafer.SOLID-Practice";
				PRODUCT_NAME = "$(TARGET_NAME)";
				RUN_DOCUMENTATION_COMPILER = NO;
				SWIFT_EMIT_LOC_STRINGS = YES;
				SWIFT_VERSION = 5.0;
				TARGETED_DEVICE_FAMILY = "1,2";
			};
			name = Release;
		};
/* End XCBuildConfiguration section */

/* Begin XCConfigurationList section */
		F03EA66C2B8A904E00A6DC4C /* Build configuration list for PBXProject "SOLID-Practice" */ = {
			isa = XCConfigurationList;
			buildConfigurations = (
				F03EA6862B8A904F00A6DC4C /* Debug */,
				F03EA6872B8A904F00A6DC4C /* Release */,
			);
			defaultConfigurationIsVisible = 0;
			defaultConfigurationName = Release;
		};
		F03EA6882B8A904F00A6DC4C /* Build configuration list for PBXNativeTarget "SOLID-Practice" */ = {
			isa = XCConfigurationList;
			buildConfigurations = (
				F03EA6892B8A904F00A6DC4C /* Debug */,
				F03EA68A2B8A904F00A6DC4C /* Release */,
			);
			defaultConfigurationIsVisible = 0;
			defaultConfigurationName = Release;
		};
/* End XCConfigurationList section */

/* Begin XCVersionGroup section */
		F03EA67D2B8A904E00A6DC4C /* SOLID_Practice.xcdatamodeld */ = {
			isa = XCVersionGroup;
			children = (
				F03EA67E2B8A904E00A6DC4C /* SOLID_Practice.xcdatamodel */,
			);
			currentVersion = F03EA67E2B8A904E00A6DC4C /* SOLID_Practice.xcdatamodel */;
			path = SOLID_Practice.xcdatamodeld;
			sourceTree = "<group>";
			versionGroupType = wrapper.xcdatamodel;
		};
/* End XCVersionGroup section */
	};
	rootObject = F03EA6692B8A904E00A6DC4C /* Project object */;
}
